PODS:
  - BrandNewPod (0.1.0)

DEPENDENCIES:
  - BrandNewPod (from `/Users/kuliza-335/Desktop/BrandNewPod`)

EXTERNAL SOURCES:
  BrandNewPod:
    :path: /Users/kuliza-335/Desktop/BrandNewPod

SPEC CHECKSUMS:
  BrandNewPod: d5312e3f88b4f68c5e1eb74a8a558c07a11db1c6

PODFILE CHECKSUM: f5ad30eace918951e4bc4f6e1c7cd985c6fc2450

COCOAPODS: 1.1.1
